
Microsoft Visual Studio Solution File, Format Version 12.00
# Visual Studio Version 18
VisualStudioVersion = 18.1.11312.151
MinimumVisualStudioVersion = 10.0.40219.1
Project("{FAE04EC0-301F-11D3-BF4B-00C04F79EFBC}") = "SonataSmooth.Tune.Etude", "SonataSmoothCSSample\SonataSmooth.Tune.Etude.csproj", "{B04FC32A-AF16-4932-AD6D-4B8B88585DE7}"
EndProject
Global
	GlobalSection(SolutionConfigurationPlatforms) = preSolution
		Debug|Any CPU = Debug|Any CPU
		Debug|x64 = Debug|x64
		Release|Any CPU = Release|Any CPU
		Release|x64 = Release|x64
	EndGlobalSection
	GlobalSection(ProjectConfigurationPlatforms) = postSolution
		{B04FC32A-AF16-4932-AD6D-4B8B88585DE7}.Debug|Any CPU.ActiveCfg = Debug|Any CPU
		{B04FC32A-AF16-4932-AD6D-4B8B88585DE7}.Debug|Any CPU.Build.0 = Debug|Any CPU
		{B04FC32A-AF16-4932-AD6D-4B8B88585DE7}.Debug|x64.ActiveCfg = Debug|x64
		{B04FC32A-AF16-4932-AD6D-4B8B88585DE7}.Debug|x64.Build.0 = Debug|x64
		{B04FC32A-AF16-4932-AD6D-4B8B88585DE7}.Release|Any CPU.ActiveCfg = Release|Any CPU
		{B04FC32A-AF16-4932-AD6D-4B8B88585DE7}.Release|Any CPU.Build.0 = Release|Any CPU
		{B04FC32A-AF16-4932-AD6D-4B8B88585DE7}.Release|x64.ActiveCfg = Release|x64
		{B04FC32A-AF16-4932-AD6D-4B8B88585DE7}.Release|x64.Build.0 = Release|x64
	EndGlobalSection
	GlobalSection(SolutionProperties) = preSolution
		HideSolutionNode = FALSE
	EndGlobalSection
	GlobalSection(ExtensibilityGlobals) = postSolution
		SolutionGuid = {6B83DB88-C3A9-416E-BADC-FA06A0C2A8D7}
	EndGlobalSection
EndGlobal
